
Microsoft Visual Studio Solution File, Format Version 12.00
# Visual Studio Version 17
VisualStudioVersion = 17.4.33205.214
MinimumVisualStudioVersion = 10.0.40219.1
Project("{FAE04EC0-301F-11D3-BF4B-00C04F79EFBC}") = "MyFirstEntity", "MyFirstEntity.csproj", "{C1AD1F03-6429-4836-A56B-A0065F42A1F9}"
EndProject
Global
	GlobalSection(SolutionConfigurationPlatforms) = preSolution
		Debug|Any CPU = Debug|Any CPU
		Release|Any CPU = Release|Any CPU
	EndGlobalSection
	GlobalSection(ProjectConfigurationPlatforms) = postSolution
		{C1AD1F03-6429-4836-A56B-A0065F42A1F9}.Debug|Any CPU.ActiveCfg = Debug|Any CPU
		{C1AD1F03-6429-4836-A56B-A0065F42A1F9}.Debug|Any CPU.Build.0 = Debug|Any CPU
		{C1AD1F03-6429-4836-A56B-A0065F42A1F9}.Release|Any CPU.ActiveCfg = Release|Any CPU
		{C1AD1F03-6429-4836-A56B-A0065F42A1F9}.Release|Any CPU.Build.0 = Release|Any CPU
	EndGlobalSection
	GlobalSection(SolutionProperties) = preSolution
		HideSolutionNode = FALSE
	EndGlobalSection
	GlobalSection(ExtensibilityGlobals) = postSolution
		SolutionGuid = {392DBFB8-9F15-4CAE-AD98-BB51A27DAC23}
	EndGlobalSection
EndGlobal
